<?xml version="1.0" encoding="UTF-8"?>
<!DOCTYPE plist PUBLIC "-//Apple//DTD PLIST 1.0//EN" "http://www.apple.com/DTDs/PropertyList-1.0.dtd">
<plist version="1.0">
<dict>
	<key>archiveVersion</key>
	<string>1</string>
	<key>classes</key>
	<dict/>
	<key>objectVersion</key>
	<string>46</string>
	<key>objects</key>
	<dict>
		<key>14ADFC8227F84AF2B35FA4B6</key>
		<dict>
			<key>buildActionMask</key>
			<string>2147483647</string>
			<key>files</key>
			<array/>
			<key>inputPaths</key>
			<array/>
			<key>isa</key>
			<string>PBXShellScriptBuildPhase</string>
			<key>name</key>
			<string>Copy Pods Resources</string>
			<key>outputPaths</key>
			<array/>
			<key>runOnlyForDeploymentPostprocessing</key>
			<string>0</string>
			<key>shellPath</key>
			<string>/bin/sh</string>
			<key>shellScript</key>
			<string>"${SRCROOT}/Pods/Pods-resources.sh"
</string>
			<key>showEnvVarsInLog</key>
			<string>0</string>
		</dict>
		<key>5A26221B188EC44E007906D6</key>
		<dict>
			<key>fileEncoding</key>
			<string>4</string>
			<key>isa</key>
			<string>PBXFileReference</string>
			<key>lastKnownFileType</key>
			<string>sourcecode.c.h</string>
			<key>name</key>
			<string>MoviesArray.h</string>
			<key>path</key>
			<string>../MoviesArray.h</string>
			<key>sourceTree</key>
			<string>&lt;group&gt;</string>
		</dict>
		<key>5A26221C188EC44E007906D6</key>
		<dict>
			<key>fileEncoding</key>
			<string>4</string>
			<key>isa</key>
			<string>PBXFileReference</string>
			<key>lastKnownFileType</key>
			<string>sourcecode.c.objc</string>
			<key>name</key>
			<string>MoviesArray.m</string>
			<key>path</key>
			<string>../MoviesArray.m</string>
			<key>sourceTree</key>
			<string>&lt;group&gt;</string>
		</dict>
		<key>5A26221D188EC44E007906D6</key>
		<dict>
			<key>fileRef</key>
			<string>5A26221C188EC44E007906D6</string>
			<key>isa</key>
			<string>PBXBuildFile</string>
		</dict>
		<key>5A28353C188D13DC00EE2566</key>
		<dict>
			<key>fileEncoding</key>
			<string>4</string>
			<key>isa</key>
			<string>PBXFileReference</string>
			<key>lastKnownFileType</key>
			<string>sourcecode.c.h</string>
			<key>path</key>
			<string>MovieDetailsViewController.h</string>
			<key>sourceTree</key>
			<string>&lt;group&gt;</string>
		</dict>
		<key>5A28353D188D13DC00EE2566</key>
		<dict>
			<key>fileEncoding</key>
			<string>4</string>
			<key>isa</key>
			<string>PBXFileReference</string>
			<key>lastKnownFileType</key>
			<string>sourcecode.c.objc</string>
			<key>path</key>
			<string>MovieDetailsViewController.m</string>
			<key>sourceTree</key>
			<string>&lt;group&gt;</string>
		</dict>
		<key>5A28353E188D13DC00EE2566</key>
		<dict>
			<key>fileRef</key>
			<string>5A28353D188D13DC00EE2566</string>
			<key>isa</key>
			<string>PBXBuildFile</string>
		</dict>
		<key>5A77B4F5188CED00005EF4A6</key>
		<dict>
			<key>fileEncoding</key>
			<string>4</string>
			<key>isa</key>
			<string>PBXFileReference</string>
			<key>lastKnownFileType</key>
			<string>sourcecode.c.h</string>
			<key>path</key>
			<string>Movie.h</string>
			<key>sourceTree</key>
			<string>&lt;group&gt;</string>
		</dict>
		<key>5A77B4F6188CED00005EF4A6</key>
		<dict>
			<key>fileEncoding</key>
			<string>4</string>
			<key>isa</key>
			<string>PBXFileReference</string>
			<key>lastKnownFileType</key>
			<string>sourcecode.c.objc</string>
			<key>path</key>
			<string>Movie.m</string>
			<key>sourceTree</key>
			<string>&lt;group&gt;</string>
		</dict>
		<key>5A77B4F7188CED00005EF4A6</key>
		<dict>
			<key>fileRef</key>
			<string>5A77B4F6188CED00005EF4A6</string>
			<key>isa</key>
			<string>PBXBuildFile</string>
		</dict>
		<key>5A77B4F8188CF82B005EF4A6</key>
		<dict>
			<key>isa</key>
			<string>PBXFileReference</string>
			<key>lastKnownFileType</key>
			<string>sourcecode.c.h</string>
			<key>path</key>
			<string>UIImageView+AFNetworking.h</string>
			<key>sourceTree</key>
			<string>&lt;group&gt;</string>
		</dict>
		<key>5A77B4FB188CF95C005EF4A6</key>
		<dict>
			<key>isa</key>
			<string>PBXFileReference</string>
			<key>lastKnownFileType</key>
			<string>sourcecode.c.h</string>
			<key>path</key>
			<string>AFURLResponseSerialization.h</string>
			<key>sourceTree</key>
			<string>&lt;group&gt;</string>
		</dict>
		<key>5A77B4FC188D0C14005EF4A6</key>
		<dict>
			<key>isa</key>
			<string>PBXFileReference</string>
			<key>lastKnownFileType</key>
			<string>image.jpeg</string>
			<key>path</key>
			<string>despicable_ori.jpg</string>
			<key>sourceTree</key>
			<string>&lt;group&gt;</string>
		</dict>
		<key>5A77B4FD188D0C14005EF4A6</key>
		<dict>
			<key>fileRef</key>
			<string>5A77B4FC188D0C14005EF4A6</string>
			<key>isa</key>
			<string>PBXBuildFile</string>
		</dict>
		<key>5A7B87F4188CBC1900662B50</key>
		<dict>
			<key>children</key>
			<array>
				<string>5A7B8806188CBC1900662B50</string>
				<string>5A7B8825188CBC1900662B50</string>
				<string>5A7B87FF188CBC1900662B50</string>
				<string>5A7B87FE188CBC1900662B50</string>
				<string>DA9E5398474149C8BC97C53D</string>
			</array>
			<key>isa</key>
			<string>PBXGroup</string>
			<key>sourceTree</key>
			<string>&lt;group&gt;</string>
		</dict>
		<key>5A7B87F5188CBC1900662B50</key>
		<dict>
			<key>attributes</key>
			<dict>
				<key>LastUpgradeCheck</key>
				<string>0500</string>
				<key>ORGANIZATIONNAME</key>
				<string>Alberto Campos</string>
				<key>TargetAttributes</key>
				<dict>
					<key>5A7B881D188CBC1900662B50</key>
					<dict>
						<key>TestTargetID</key>
						<string>5A7B87FC188CBC1900662B50</string>
					</dict>
				</dict>
			</dict>
			<key>buildConfigurationList</key>
			<string>5A7B87F8188CBC1900662B50</string>
			<key>compatibilityVersion</key>
			<string>Xcode 3.2</string>
			<key>developmentRegion</key>
			<string>English</string>
			<key>hasScannedForEncodings</key>
			<string>0</string>
			<key>isa</key>
			<string>PBXProject</string>
			<key>knownRegions</key>
			<array>
				<string>en</string>
				<string>Base</string>
			</array>
			<key>mainGroup</key>
			<string>5A7B87F4188CBC1900662B50</string>
			<key>productRefGroup</key>
			<string>5A7B87FE188CBC1900662B50</string>
			<key>projectDirPath</key>
			<string></string>
			<key>projectReferences</key>
			<array/>
			<key>projectRoot</key>
			<string></string>
			<key>targets</key>
			<array>
				<string>5A7B87FC188CBC1900662B50</string>
				<string>5A7B881D188CBC1900662B50</string>
			</array>
		</dict>
		<key>5A7B87F8188CBC1900662B50</key>
		<dict>
			<key>buildConfigurations</key>
			<array>
				<string>5A7B882D188CBC1900662B50</string>
				<string>5A7B882E188CBC1900662B50</string>
			</array>
			<key>defaultConfigurationIsVisible</key>
			<string>0</string>
			<key>defaultConfigurationName</key>
			<string>Release</string>
			<key>isa</key>
			<string>XCConfigurationList</string>
		</dict>
		<key>5A7B87F9188CBC1900662B50</key>
		<dict>
			<key>buildActionMask</key>
			<string>2147483647</string>
			<key>files</key>
			<array>
				<string>5A7B8811188CBC1900662B50</string>
				<string>5A7B880D188CBC1900662B50</string>
				<string>5A77B4F7188CED00005EF4A6</string>
				<string>5A26221D188EC44E007906D6</string>
				<string>5A7B883E188CDA8700662B50</string>
				<string>5A28353E188D13DC00EE2566</string>
				<string>5A7B8837188CBFD800662B50</string>
			</array>
			<key>isa</key>
			<string>PBXSourcesBuildPhase</string>
			<key>runOnlyForDeploymentPostprocessing</key>
			<string>0</string>
		</dict>
		<key>5A7B87FA188CBC1900662B50</key>
		<dict>
			<key>buildActionMask</key>
			<string>2147483647</string>
			<key>files</key>
			<array>
				<string>5A7B8803188CBC1900662B50</string>
				<string>5A7B8805188CBC1900662B50</string>
				<string>5A7B8801188CBC1900662B50</string>
				<string>8D765851E5B244EE8F21863F</string>
			</array>
			<key>isa</key>
			<string>PBXFrameworksBuildPhase</string>
			<key>runOnlyForDeploymentPostprocessing</key>
			<string>0</string>
		</dict>
		<key>5A7B87FB188CBC1900662B50</key>
		<dict>
			<key>buildActionMask</key>
			<string>2147483647</string>
			<key>files</key>
			<array>
				<string>5A7B883B188CD34B00662B50</string>
				<string>5A7B8819188CBC1900662B50</string>
				<string>5A7B8842188CE40900662B50</string>
				<string>5A7B8840188CE36D00662B50</string>
				<string>5A7B883A188CD34B00662B50</string>
				<string>5A7B880B188CBC1900662B50</string>
				<string>5A77B4FD188D0C14005EF4A6</string>
				<string>5A7B8814188CBC1900662B50</string>
			</array>
			<key>isa</key>
			<string>PBXResourcesBuildPhase</string>
			<key>runOnlyForDeploymentPostprocessing</key>
			<string>0</string>
		</dict>
		<key>5A7B87FC188CBC1900662B50</key>
		<dict>
			<key>buildConfigurationList</key>
			<string>5A7B882F188CBC1900662B50</string>
			<key>buildPhases</key>
			<array>
				<string>CD7EFB58AB394B63AA54FA4E</string>
				<string>5A7B87F9188CBC1900662B50</string>
				<string>5A7B87FA188CBC1900662B50</string>
				<string>5A7B87FB188CBC1900662B50</string>
				<string>14ADFC8227F84AF2B35FA4B6</string>
			</array>
			<key>buildRules</key>
			<array/>
			<key>dependencies</key>
			<array/>
			<key>isa</key>
			<string>PBXNativeTarget</string>
			<key>name</key>
			<string>movieListing</string>
			<key>productName</key>
			<string>movieListing</string>
			<key>productReference</key>
			<string>5A7B87FD188CBC1900662B50</string>
			<key>productType</key>
			<string>com.apple.product-type.application</string>
		</dict>
		<key>5A7B87FD188CBC1900662B50</key>
		<dict>
			<key>explicitFileType</key>
			<string>wrapper.application</string>
			<key>includeInIndex</key>
			<string>0</string>
			<key>isa</key>
			<string>PBXFileReference</string>
			<key>path</key>
			<string>movieListing.app</string>
			<key>sourceTree</key>
			<string>BUILT_PRODUCTS_DIR</string>
		</dict>
		<key>5A7B87FE188CBC1900662B50</key>
		<dict>
			<key>children</key>
			<array>
				<string>5A7B87FD188CBC1900662B50</string>
				<string>5A7B881E188CBC1900662B50</string>
			</array>
			<key>isa</key>
			<string>PBXGroup</string>
			<key>name</key>
			<string>Products</string>
			<key>sourceTree</key>
			<string>&lt;group&gt;</string>
		</dict>
		<key>5A7B87FF188CBC1900662B50</key>
		<dict>
			<key>children</key>
			<array>
				<string>5A7B8800188CBC1900662B50</string>
				<string>5A7B8802188CBC1900662B50</string>
				<string>5A7B8804188CBC1900662B50</string>
				<string>5A7B881F188CBC1900662B50</string>
				<string>EF7EFBC47B14426991939A62</string>
			</array>
			<key>isa</key>
			<string>PBXGroup</string>
			<key>name</key>
			<string>Frameworks</string>
			<key>sourceTree</key>
			<string>&lt;group&gt;</string>
		</dict>
		<key>5A7B8800188CBC1900662B50</key>
		<dict>
			<key>isa</key>
			<string>PBXFileReference</string>
			<key>lastKnownFileType</key>
			<string>wrapper.framework</string>
			<key>name</key>
			<string>Foundation.framework</string>
			<key>path</key>
			<string>System/Library/Frameworks/Foundation.framework</string>
			<key>sourceTree</key>
			<string>SDKROOT</string>
		</dict>
		<key>5A7B8801188CBC1900662B50</key>
		<dict>
			<key>fileRef</key>
			<string>5A7B8800188CBC1900662B50</string>
			<key>isa</key>
			<string>PBXBuildFile</string>
		</dict>
		<key>5A7B8802188CBC1900662B50</key>
		<dict>
			<key>isa</key>
			<string>PBXFileReference</string>
			<key>lastKnownFileType</key>
			<string>wrapper.framework</string>
			<key>name</key>
			<string>CoreGraphics.framework</string>
			<key>path</key>
			<string>System/Library/Frameworks/CoreGraphics.framework</string>
			<key>sourceTree</key>
			<string>SDKROOT</string>
		</dict>
		<key>5A7B8803188CBC1900662B50</key>
		<dict>
			<key>fileRef</key>
			<string>5A7B8802188CBC1900662B50</string>
			<key>isa</key>
			<string>PBXBuildFile</string>
		</dict>
		<key>5A7B8804188CBC1900662B50</key>
		<dict>
			<key>isa</key>
			<string>PBXFileReference</string>
			<key>lastKnownFileType</key>
			<string>wrapper.framework</string>
			<key>name</key>
			<string>UIKit.framework</string>
			<key>path</key>
			<string>System/Library/Frameworks/UIKit.framework</string>
			<key>sourceTree</key>
			<string>SDKROOT</string>
		</dict>
		<key>5A7B8805188CBC1900662B50</key>
		<dict>
			<key>fileRef</key>
			<string>5A7B8804188CBC1900662B50</string>
			<key>isa</key>
			<string>PBXBuildFile</string>
		</dict>
		<key>5A7B8806188CBC1900662B50</key>
		<dict>
			<key>children</key>
			<array>
				<string>5A77B4FB188CF95C005EF4A6</string>
				<string>5A77B4F8188CF82B005EF4A6</string>
				<string>5A7B880F188CBC1900662B50</string>
				<string>5A7B8810188CBC1900662B50</string>
				<string>5A7B8812188CBC1900662B50</string>
				<string>5A7B8818188CBC1900662B50</string>
				<string>5A7B8807188CBC1900662B50</string>
				<string>5A77B4F5188CED00005EF4A6</string>
				<string>5A77B4F6188CED00005EF4A6</string>
				<string>5A7B883C188CDA8700662B50</string>
				<string>5A7B883D188CDA8700662B50</string>
				<string>5A26221B188EC44E007906D6</string>
				<string>5A26221C188EC44E007906D6</string>
				<string>5A7B8835188CBFD800662B50</string>
				<string>5A7B8836188CBFD800662B50</string>
				<string>5A28353C188D13DC00EE2566</string>
				<string>5A28353D188D13DC00EE2566</string>
			</array>
			<key>isa</key>
			<string>PBXGroup</string>
			<key>path</key>
			<string>movieListing</string>
			<key>sourceTree</key>
			<string>&lt;group&gt;</string>
		</dict>
		<key>5A7B8807188CBC1900662B50</key>
		<dict>
			<key>children</key>
			<array>
				<string>5A77B4FC188D0C14005EF4A6</string>
				<string>5A7B8839188CD34B00662B50</string>
				<string>5A7B8808188CBC1900662B50</string>
				<string>5A7B8809188CBC1900662B50</string>
				<string>5A7B880C188CBC1900662B50</string>
				<string>5A7B880E188CBC1900662B50</string>
				<string>5A7B8841188CE40900662B50</string>
				<string>5A7B883F188CE36D00662B50</string>
				<string>5A7B8838188CD34B00662B50</string>
			</array>
			<key>isa</key>
			<string>PBXGroup</string>
			<key>name</key>
			<string>Supporting Files</string>
			<key>sourceTree</key>
			<string>&lt;group&gt;</string>
		</dict>
		<key>5A7B8808188CBC1900662B50</key>
		<dict>
			<key>isa</key>
			<string>PBXFileReference</string>
			<key>lastKnownFileType</key>
			<string>text.plist.xml</string>
			<key>path</key>
			<string>movieListing-Info.plist</string>
			<key>sourceTree</key>
			<string>&lt;group&gt;</string>
		</dict>
		<key>5A7B8809188CBC1900662B50</key>
		<dict>
			<key>children</key>
			<array>
				<string>5A7B880A188CBC1900662B50</string>
			</array>
			<key>isa</key>
			<string>PBXVariantGroup</string>
			<key>name</key>
			<string>InfoPlist.strings</string>
			<key>sourceTree</key>
			<string>&lt;group&gt;</string>
		</dict>
		<key>5A7B880A188CBC1900662B50</key>
		<dict>
			<key>isa</key>
			<string>PBXFileReference</string>
			<key>lastKnownFileType</key>
			<string>text.plist.strings</string>
			<key>name</key>
			<string>en</string>
			<key>path</key>
			<string>en.lproj/InfoPlist.strings</string>
			<key>sourceTree</key>
			<string>&lt;group&gt;</string>
		</dict>
		<key>5A7B880B188CBC1900662B50</key>
		<dict>
			<key>fileRef</key>
			<string>5A7B8809188CBC1900662B50</string>
			<key>isa</key>
			<string>PBXBuildFile</string>
		</dict>
		<key>5A7B880C188CBC1900662B50</key>
		<dict>
			<key>isa</key>
			<string>PBXFileReference</string>
			<key>lastKnownFileType</key>
			<string>sourcecode.c.objc</string>
			<key>path</key>
			<string>main.m</string>
			<key>sourceTree</key>
			<string>&lt;group&gt;</string>
		</dict>
		<key>5A7B880D188CBC1900662B50</key>
		<dict>
			<key>fileRef</key>
			<string>5A7B880C188CBC1900662B50</string>
			<key>isa</key>
			<string>PBXBuildFile</string>
		</dict>
		<key>5A7B880E188CBC1900662B50</key>
		<dict>
			<key>isa</key>
			<string>PBXFileReference</string>
			<key>lastKnownFileType</key>
			<string>sourcecode.c.h</string>
			<key>path</key>
			<string>movieListing-Prefix.pch</string>
			<key>sourceTree</key>
			<string>&lt;group&gt;</string>
		</dict>
		<key>5A7B880F188CBC1900662B50</key>
		<dict>
			<key>isa</key>
			<string>PBXFileReference</string>
			<key>lastKnownFileType</key>
			<string>sourcecode.c.h</string>
			<key>path</key>
			<string>AppDelegate.h</string>
			<key>sourceTree</key>
			<string>&lt;group&gt;</string>
		</dict>
		<key>5A7B8810188CBC1900662B50</key>
		<dict>
			<key>isa</key>
			<string>PBXFileReference</string>
			<key>lastKnownFileType</key>
			<string>sourcecode.c.objc</string>
			<key>path</key>
			<string>AppDelegate.m</string>
			<key>sourceTree</key>
			<string>&lt;group&gt;</string>
		</dict>
		<key>5A7B8811188CBC1900662B50</key>
		<dict>
			<key>fileRef</key>
			<string>5A7B8810188CBC1900662B50</string>
			<key>isa</key>
			<string>PBXBuildFile</string>
		</dict>
		<key>5A7B8812188CBC1900662B50</key>
		<dict>
			<key>children</key>
			<array>
				<string>5A7B8813188CBC1900662B50</string>
			</array>
			<key>isa</key>
			<string>PBXVariantGroup</string>
			<key>name</key>
			<string>Main.storyboard</string>
			<key>sourceTree</key>
			<string>&lt;group&gt;</string>
		</dict>
		<key>5A7B8813188CBC1900662B50</key>
		<dict>
			<key>isa</key>
			<string>PBXFileReference</string>
			<key>lastKnownFileType</key>
			<string>file.storyboard</string>
			<key>name</key>
			<string>Base</string>
			<key>path</key>
			<string>Base.lproj/Main.storyboard</string>
			<key>sourceTree</key>
			<string>&lt;group&gt;</string>
		</dict>
		<key>5A7B8814188CBC1900662B50</key>
		<dict>
			<key>fileRef</key>
			<string>5A7B8812188CBC1900662B50</string>
			<key>isa</key>
			<string>PBXBuildFile</string>
		</dict>
		<key>5A7B8818188CBC1900662B50</key>
		<dict>
			<key>isa</key>
			<string>PBXFileReference</string>
			<key>lastKnownFileType</key>
			<string>folder.assetcatalog</string>
			<key>path</key>
			<string>Images.xcassets</string>
			<key>sourceTree</key>
			<string>&lt;group&gt;</string>
		</dict>
		<key>5A7B8819188CBC1900662B50</key>
		<dict>
			<key>fileRef</key>
			<string>5A7B8818188CBC1900662B50</string>
			<key>isa</key>
			<string>PBXBuildFile</string>
		</dict>
		<key>5A7B881A188CBC1900662B50</key>
		<dict>
			<key>buildActionMask</key>
			<string>2147483647</string>
			<key>files</key>
			<array>
				<string>5A7B882C188CBC1900662B50</string>
			</array>
			<key>isa</key>
			<string>PBXSourcesBuildPhase</string>
			<key>runOnlyForDeploymentPostprocessing</key>
			<string>0</string>
		</dict>
		<key>5A7B881B188CBC1900662B50</key>
		<dict>
			<key>buildActionMask</key>
			<string>2147483647</string>
			<key>files</key>
			<array>
				<string>5A7B8820188CBC1900662B50</string>
				<string>5A7B8822188CBC1900662B50</string>
				<string>5A7B8821188CBC1900662B50</string>
			</array>
			<key>isa</key>
			<string>PBXFrameworksBuildPhase</string>
			<key>runOnlyForDeploymentPostprocessing</key>
			<string>0</string>
		</dict>
		<key>5A7B881C188CBC1900662B50</key>
		<dict>
			<key>buildActionMask</key>
			<string>2147483647</string>
			<key>files</key>
			<array>
				<string>5A7B882A188CBC1900662B50</string>
			</array>
			<key>isa</key>
			<string>PBXResourcesBuildPhase</string>
			<key>runOnlyForDeploymentPostprocessing</key>
			<string>0</string>
		</dict>
		<key>5A7B881D188CBC1900662B50</key>
		<dict>
			<key>buildConfigurationList</key>
			<string>5A7B8832188CBC1900662B50</string>
			<key>buildPhases</key>
			<array>
				<string>5A7B881A188CBC1900662B50</string>
				<string>5A7B881B188CBC1900662B50</string>
				<string>5A7B881C188CBC1900662B50</string>
			</array>
			<key>buildRules</key>
			<array/>
			<key>dependencies</key>
			<array>
				<string>5A7B8824188CBC1900662B50</string>
			</array>
			<key>isa</key>
			<string>PBXNativeTarget</string>
			<key>name</key>
			<string>movieListingTests</string>
			<key>productName</key>
			<string>movieListingTests</string>
			<key>productReference</key>
			<string>5A7B881E188CBC1900662B50</string>
			<key>productType</key>
			<string>com.apple.product-type.bundle.unit-test</string>
		</dict>
		<key>5A7B881E188CBC1900662B50</key>
		<dict>
			<key>explicitFileType</key>
			<string>wrapper.cfbundle</string>
			<key>includeInIndex</key>
			<string>0</string>
			<key>isa</key>
			<string>PBXFileReference</string>
			<key>path</key>
			<string>movieListingTests.xctest</string>
			<key>sourceTree</key>
			<string>BUILT_PRODUCTS_DIR</string>
		</dict>
		<key>5A7B881F188CBC1900662B50</key>
		<dict>
			<key>isa</key>
			<string>PBXFileReference</string>
			<key>lastKnownFileType</key>
			<string>wrapper.framework</string>
			<key>name</key>
			<string>XCTest.framework</string>
			<key>path</key>
			<string>Library/Frameworks/XCTest.framework</string>
			<key>sourceTree</key>
			<string>DEVELOPER_DIR</string>
		</dict>
		<key>5A7B8820188CBC1900662B50</key>
		<dict>
			<key>fileRef</key>
			<string>5A7B881F188CBC1900662B50</string>
			<key>isa</key>
			<string>PBXBuildFile</string>
		</dict>
		<key>5A7B8821188CBC1900662B50</key>
		<dict>
			<key>fileRef</key>
			<string>5A7B8800188CBC1900662B50</string>
			<key>isa</key>
			<string>PBXBuildFile</string>
		</dict>
		<key>5A7B8822188CBC1900662B50</key>
		<dict>
			<key>fileRef</key>
			<string>5A7B8804188CBC1900662B50</string>
			<key>isa</key>
			<string>PBXBuildFile</string>
		</dict>
		<key>5A7B8823188CBC1900662B50</key>
		<dict>
			<key>containerPortal</key>
			<string>5A7B87F5188CBC1900662B50</string>
			<key>isa</key>
			<string>PBXContainerItemProxy</string>
			<key>proxyType</key>
			<string>1</string>
			<key>remoteGlobalIDString</key>
			<string>5A7B87FC188CBC1900662B50</string>
			<key>remoteInfo</key>
			<string>movieListing</string>
		</dict>
		<key>5A7B8824188CBC1900662B50</key>
		<dict>
			<key>isa</key>
			<string>PBXTargetDependency</string>
			<key>target</key>
			<string>5A7B87FC188CBC1900662B50</string>
			<key>targetProxy</key>
			<string>5A7B8823188CBC1900662B50</string>
		</dict>
		<key>5A7B8825188CBC1900662B50</key>
		<dict>
			<key>children</key>
			<array>
				<string>5A7B882B188CBC1900662B50</string>
				<string>5A7B8826188CBC1900662B50</string>
			</array>
			<key>isa</key>
			<string>PBXGroup</string>
			<key>path</key>
			<string>movieListingTests</string>
			<key>sourceTree</key>
			<string>&lt;group&gt;</string>
		</dict>
		<key>5A7B8826188CBC1900662B50</key>
		<dict>
			<key>children</key>
			<array>
				<string>5A7B8827188CBC1900662B50</string>
				<string>5A7B8828188CBC1900662B50</string>
			</array>
			<key>isa</key>
			<string>PBXGroup</string>
			<key>name</key>
			<string>Supporting Files</string>
			<key>sourceTree</key>
			<string>&lt;group&gt;</string>
		</dict>
		<key>5A7B8827188CBC1900662B50</key>
		<dict>
			<key>isa</key>
			<string>PBXFileReference</string>
			<key>lastKnownFileType</key>
			<string>text.plist.xml</string>
			<key>path</key>
			<string>movieListingTests-Info.plist</string>
			<key>sourceTree</key>
			<string>&lt;group&gt;</string>
		</dict>
		<key>5A7B8828188CBC1900662B50</key>
		<dict>
			<key>children</key>
			<array>
				<string>5A7B8829188CBC1900662B50</string>
			</array>
			<key>isa</key>
			<string>PBXVariantGroup</string>
			<key>name</key>
			<string>InfoPlist.strings</string>
			<key>sourceTree</key>
			<string>&lt;group&gt;</string>
		</dict>
		<key>5A7B8829188CBC1900662B50</key>
		<dict>
			<key>isa</key>
			<string>PBXFileReference</string>
			<key>lastKnownFileType</key>
			<string>text.plist.strings</string>
			<key>name</key>
			<string>en</string>
			<key>path</key>
			<string>en.lproj/InfoPlist.strings</string>
			<key>sourceTree</key>
			<string>&lt;group&gt;</string>
		</dict>
		<key>5A7B882A188CBC1900662B50</key>
		<dict>
			<key>fileRef</key>
			<string>5A7B8828188CBC1900662B50</string>
			<key>isa</key>
			<string>PBXBuildFile</string>
		</dict>
		<key>5A7B882B188CBC1900662B50</key>
		<dict>
			<key>isa</key>
			<string>PBXFileReference</string>
			<key>lastKnownFileType</key>
			<string>sourcecode.c.objc</string>
			<key>path</key>
			<string>movieListingTests.m</string>
			<key>sourceTree</key>
			<string>&lt;group&gt;</string>
		</dict>
		<key>5A7B882C188CBC1900662B50</key>
		<dict>
			<key>fileRef</key>
			<string>5A7B882B188CBC1900662B50</string>
			<key>isa</key>
			<string>PBXBuildFile</string>
		</dict>
		<key>5A7B882D188CBC1900662B50</key>
		<dict>
			<key>buildSettings</key>
			<dict>
				<key>ALWAYS_SEARCH_USER_PATHS</key>
				<string>NO</string>
				<key>ARCHS</key>
				<string>$(ARCHS_STANDARD_INCLUDING_64_BIT)</string>
				<key>CLANG_CXX_LANGUAGE_STANDARD</key>
				<string>gnu++0x</string>
				<key>CLANG_CXX_LIBRARY</key>
				<string>libc++</string>
				<key>CLANG_ENABLE_MODULES</key>
				<string>YES</string>
				<key>CLANG_ENABLE_OBJC_ARC</key>
				<string>YES</string>
				<key>CLANG_WARN_BOOL_CONVERSION</key>
				<string>YES</string>
				<key>CLANG_WARN_CONSTANT_CONVERSION</key>
				<string>YES</string>
				<key>CLANG_WARN_DIRECT_OBJC_ISA_USAGE</key>
				<string>YES_ERROR</string>
				<key>CLANG_WARN_EMPTY_BODY</key>
				<string>YES</string>
				<key>CLANG_WARN_ENUM_CONVERSION</key>
				<string>YES</string>
				<key>CLANG_WARN_INT_CONVERSION</key>
				<string>YES</string>
				<key>CLANG_WARN_OBJC_ROOT_CLASS</key>
				<string>YES_ERROR</string>
				<key>CLANG_WARN__DUPLICATE_METHOD_MATCH</key>
				<string>YES</string>
				<key>CODE_SIGN_IDENTITY[sdk=iphoneos*]</key>
				<string>iPhone Developer</string>
				<key>COPY_PHASE_STRIP</key>
				<string>NO</string>
				<key>GCC_C_LANGUAGE_STANDARD</key>
				<string>gnu99</string>
				<key>GCC_DYNAMIC_NO_PIC</key>
				<string>NO</string>
				<key>GCC_OPTIMIZATION_LEVEL</key>
				<string>0</string>
				<key>GCC_PREPROCESSOR_DEFINITIONS</key>
				<array>
					<string>DEBUG=1</string>
					<string>$(inherited)</string>
				</array>
				<key>GCC_SYMBOLS_PRIVATE_EXTERN</key>
				<string>NO</string>
				<key>GCC_WARN_64_TO_32_BIT_CONVERSION</key>
				<string>YES</string>
				<key>GCC_WARN_ABOUT_RETURN_TYPE</key>
				<string>YES_ERROR</string>
				<key>GCC_WARN_UNDECLARED_SELECTOR</key>
				<string>YES</string>
				<key>GCC_WARN_UNINITIALIZED_AUTOS</key>
				<string>YES</string>
				<key>GCC_WARN_UNUSED_FUNCTION</key>
				<string>YES</string>
				<key>GCC_WARN_UNUSED_VARIABLE</key>
				<string>YES</string>
				<key>IPHONEOS_DEPLOYMENT_TARGET</key>
				<string>7.0</string>
				<key>ONLY_ACTIVE_ARCH</key>
				<string>YES</string>
				<key>SDKROOT</key>
				<string>iphoneos</string>
			</dict>
			<key>isa</key>
			<string>XCBuildConfiguration</string>
			<key>name</key>
			<string>Debug</string>
		</dict>
		<key>5A7B882E188CBC1900662B50</key>
		<dict>
			<key>buildSettings</key>
			<dict>
				<key>ALWAYS_SEARCH_USER_PATHS</key>
				<string>NO</string>
				<key>ARCHS</key>
				<string>$(ARCHS_STANDARD_INCLUDING_64_BIT)</string>
				<key>CLANG_CXX_LANGUAGE_STANDARD</key>
				<string>gnu++0x</string>
				<key>CLANG_CXX_LIBRARY</key>
				<string>libc++</string>
				<key>CLANG_ENABLE_MODULES</key>
				<string>YES</string>
				<key>CLANG_ENABLE_OBJC_ARC</key>
				<string>YES</string>
				<key>CLANG_WARN_BOOL_CONVERSION</key>
				<string>YES</string>
				<key>CLANG_WARN_CONSTANT_CONVERSION</key>
				<string>YES</string>
				<key>CLANG_WARN_DIRECT_OBJC_ISA_USAGE</key>
				<string>YES_ERROR</string>
				<key>CLANG_WARN_EMPTY_BODY</key>
				<string>YES</string>
				<key>CLANG_WARN_ENUM_CONVERSION</key>
				<string>YES</string>
				<key>CLANG_WARN_INT_CONVERSION</key>
				<string>YES</string>
				<key>CLANG_WARN_OBJC_ROOT_CLASS</key>
				<string>YES_ERROR</string>
				<key>CLANG_WARN__DUPLICATE_METHOD_MATCH</key>
				<string>YES</string>
				<key>CODE_SIGN_IDENTITY[sdk=iphoneos*]</key>
				<string>iPhone Developer</string>
				<key>COPY_PHASE_STRIP</key>
				<string>YES</string>
				<key>ENABLE_NS_ASSERTIONS</key>
				<string>NO</string>
				<key>GCC_C_LANGUAGE_STANDARD</key>
				<string>gnu99</string>
				<key>GCC_WARN_64_TO_32_BIT_CONVERSION</key>
				<string>YES</string>
				<key>GCC_WARN_ABOUT_RETURN_TYPE</key>
				<string>YES_ERROR</string>
				<key>GCC_WARN_UNDECLARED_SELECTOR</key>
				<string>YES</string>
				<key>GCC_WARN_UNINITIALIZED_AUTOS</key>
				<string>YES</string>
				<key>GCC_WARN_UNUSED_FUNCTION</key>
				<string>YES</string>
				<key>GCC_WARN_UNUSED_VARIABLE</key>
				<string>YES</string>
				<key>IPHONEOS_DEPLOYMENT_TARGET</key>
				<string>7.0</string>
				<key>SDKROOT</key>
				<string>iphoneos</string>
				<key>VALIDATE_PRODUCT</key>
				<string>YES</string>
			</dict>
			<key>isa</key>
			<string>XCBuildConfiguration</string>
			<key>name</key>
			<string>Release</string>
		</dict>
		<key>5A7B882F188CBC1900662B50</key>
		<dict>
			<key>buildConfigurations</key>
			<array>
				<string>5A7B8830188CBC1900662B50</string>
				<string>5A7B8831188CBC1900662B50</string>
			</array>
			<key>defaultConfigurationIsVisible</key>
			<string>0</string>
			<key>defaultConfigurationName</key>
			<string>Release</string>
			<key>isa</key>
			<string>XCConfigurationList</string>
		</dict>
		<key>5A7B8830188CBC1900662B50</key>
		<dict>
			<key>baseConfigurationReference</key>
			<string>DA9E5398474149C8BC97C53D</string>
			<key>buildSettings</key>
			<dict>
				<key>ASSETCATALOG_COMPILER_APPICON_NAME</key>
				<string>AppIcon</string>
				<key>ASSETCATALOG_COMPILER_LAUNCHIMAGE_NAME</key>
				<string>LaunchImage</string>
				<key>GCC_PRECOMPILE_PREFIX_HEADER</key>
				<string>YES</string>
				<key>GCC_PREFIX_HEADER</key>
				<string>movieListing/movieListing-Prefix.pch</string>
				<key>INFOPLIST_FILE</key>
				<string>movieListing/movieListing-Info.plist</string>
				<key>PRODUCT_NAME</key>
				<string>$(TARGET_NAME)</string>
				<key>WRAPPER_EXTENSION</key>
				<string>app</string>
			</dict>
			<key>isa</key>
			<string>XCBuildConfiguration</string>
			<key>name</key>
			<string>Debug</string>
		</dict>
		<key>5A7B8831188CBC1900662B50</key>
		<dict>
			<key>baseConfigurationReference</key>
			<string>DA9E5398474149C8BC97C53D</string>
			<key>buildSettings</key>
			<dict>
				<key>ASSETCATALOG_COMPILER_APPICON_NAME</key>
				<string>AppIcon</string>
				<key>ASSETCATALOG_COMPILER_LAUNCHIMAGE_NAME</key>
				<string>LaunchImage</string>
				<key>GCC_PRECOMPILE_PREFIX_HEADER</key>
				<string>YES</string>
				<key>GCC_PREFIX_HEADER</key>
				<string>movieListing/movieListing-Prefix.pch</string>
				<key>INFOPLIST_FILE</key>
				<string>movieListing/movieListing-Info.plist</string>
				<key>PRODUCT_NAME</key>
				<string>$(TARGET_NAME)</string>
				<key>WRAPPER_EXTENSION</key>
				<string>app</string>
			</dict>
			<key>isa</key>
			<string>XCBuildConfiguration</string>
			<key>name</key>
			<string>Release</string>
		</dict>
		<key>5A7B8832188CBC1900662B50</key>
		<dict>
			<key>buildConfigurations</key>
			<array>
				<string>5A7B8833188CBC1900662B50</string>
				<string>5A7B8834188CBC1900662B50</string>
			</array>
			<key>defaultConfigurationIsVisible</key>
			<string>0</string>
			<key>defaultConfigurationName</key>
			<string>Release</string>
			<key>isa</key>
			<string>XCConfigurationList</string>
		</dict>
		<key>5A7B8833188CBC1900662B50</key>
		<dict>
			<key>buildSettings</key>
			<dict>
				<key>ARCHS</key>
				<string>$(ARCHS_STANDARD_INCLUDING_64_BIT)</string>
				<key>BUNDLE_LOADER</key>
				<string>$(BUILT_PRODUCTS_DIR)/movieListing.app/movieListing</string>
				<key>FRAMEWORK_SEARCH_PATHS</key>
				<array>
					<string>$(SDKROOT)/Developer/Library/Frameworks</string>
					<string>$(inherited)</string>
					<string>$(DEVELOPER_FRAMEWORKS_DIR)</string>
				</array>
				<key>GCC_PRECOMPILE_PREFIX_HEADER</key>
				<string>YES</string>
				<key>GCC_PREFIX_HEADER</key>
				<string>movieListing/movieListing-Prefix.pch</string>
				<key>GCC_PREPROCESSOR_DEFINITIONS</key>
				<array>
					<string>DEBUG=1</string>
					<string>$(inherited)</string>
				</array>
				<key>INFOPLIST_FILE</key>
				<string>movieListingTests/movieListingTests-Info.plist</string>
				<key>PRODUCT_NAME</key>
				<string>$(TARGET_NAME)</string>
				<key>TEST_HOST</key>
				<string>$(BUNDLE_LOADER)</string>
				<key>WRAPPER_EXTENSION</key>
				<string>xctest</string>
			</dict>
			<key>isa</key>
			<string>XCBuildConfiguration</string>
			<key>name</key>
			<string>Debug</string>
		</dict>
		<key>5A7B8834188CBC1900662B50</key>
		<dict>
			<key>buildSettings</key>
			<dict>
				<key>ARCHS</key>
				<string>$(ARCHS_STANDARD_INCLUDING_64_BIT)</string>
				<key>BUNDLE_LOADER</key>
				<string>$(BUILT_PRODUCTS_DIR)/movieListing.app/movieListing</string>
				<key>FRAMEWORK_SEARCH_PATHS</key>
				<array>
					<string>$(SDKROOT)/Developer/Library/Frameworks</string>
					<string>$(inherited)</string>
					<string>$(DEVELOPER_FRAMEWORKS_DIR)</string>
				</array>
				<key>GCC_PRECOMPILE_PREFIX_HEADER</key>
				<string>YES</string>
				<key>GCC_PREFIX_HEADER</key>
				<string>movieListing/movieListing-Prefix.pch</string>
				<key>INFOPLIST_FILE</key>
				<string>movieListingTests/movieListingTests-Info.plist</string>
				<key>PRODUCT_NAME</key>
				<string>$(TARGET_NAME)</string>
				<key>TEST_HOST</key>
				<string>$(BUNDLE_LOADER)</string>
				<key>WRAPPER_EXTENSION</key>
				<string>xctest</string>
			</dict>
			<key>isa</key>
			<string>XCBuildConfiguration</string>
			<key>name</key>
			<string>Release</string>
		</dict>
		<key>5A7B8835188CBFD800662B50</key>
		<dict>
			<key>fileEncoding</key>
			<string>4</string>
			<key>isa</key>
			<string>PBXFileReference</string>
			<key>lastKnownFileType</key>
			<string>sourcecode.c.h</string>
			<key>path</key>
			<string>MoviesViewController.h</string>
			<key>sourceTree</key>
			<string>&lt;group&gt;</string>
		</dict>
		<key>5A7B8836188CBFD800662B50</key>
		<dict>
			<key>fileEncoding</key>
			<string>4</string>
			<key>isa</key>
			<string>PBXFileReference</string>
			<key>lastKnownFileType</key>
			<string>sourcecode.c.objc</string>
			<key>path</key>
			<string>MoviesViewController.m</string>
			<key>sourceTree</key>
			<string>&lt;group&gt;</string>
		</dict>
		<key>5A7B8837188CBFD800662B50</key>
		<dict>
			<key>fileRef</key>
			<string>5A7B8836188CBFD800662B50</string>
			<key>isa</key>
			<string>PBXBuildFile</string>
		</dict>
		<key>5A7B8838188CD34B00662B50</key>
		<dict>
			<key>isa</key>
			<string>PBXFileReference</string>
			<key>lastKnownFileType</key>
			<string>image.png</string>
			<key>path</key>
			<string>konqsidebar_mediaplayer.png</string>
			<key>sourceTree</key>
			<string>&lt;group&gt;</string>
		</dict>
		<key>5A7B8839188CD34B00662B50</key>
		<dict>
			<key>isa</key>
			<string>PBXFileReference</string>
			<key>lastKnownFileType</key>
			<string>image.png</string>
			<key>path</key>
			<string>movie-bg.png</string>
			<key>sourceTree</key>
			<string>&lt;group&gt;</string>
		</dict>
		<key>5A7B883A188CD34B00662B50</key>
		<dict>
			<key>fileRef</key>
			<string>5A7B8838188CD34B00662B50</string>
			<key>isa</key>
			<string>PBXBuildFile</string>
		</dict>
		<key>5A7B883B188CD34B00662B50</key>
		<dict>
			<key>fileRef</key>
			<string>5A7B8839188CD34B00662B50</string>
			<key>isa</key>
			<string>PBXBuildFile</string>
		</dict>
		<key>5A7B883C188CDA8700662B50</key>
		<dict>
			<key>fileEncoding</key>
			<string>4</string>
			<key>isa</key>
			<string>PBXFileReference</string>
			<key>lastKnownFileType</key>
			<string>sourcecode.c.h</string>
			<key>path</key>
			<string>MovieCell.h</string>
			<key>sourceTree</key>
			<string>&lt;group&gt;</string>
		</dict>
		<key>5A7B883D188CDA8700662B50</key>
		<dict>
			<key>fileEncoding</key>
			<string>4</string>
			<key>isa</key>
			<string>PBXFileReference</string>
			<key>lastKnownFileType</key>
			<string>sourcecode.c.objc</string>
			<key>path</key>
			<string>MovieCell.m</string>
			<key>sourceTree</key>
			<string>&lt;group&gt;</string>
		</dict>
		<key>5A7B883E188CDA8700662B50</key>
		<dict>
			<key>fileRef</key>
			<string>5A7B883D188CDA8700662B50</string>
			<key>isa</key>
			<string>PBXBuildFile</string>
		</dict>
		<key>5A7B883F188CE36D00662B50</key>
		<dict>
			<key>isa</key>
			<string>PBXFileReference</string>
			<key>lastKnownFileType</key>
			<string>image.png</string>
			<key>path</key>
			<string>find.png</string>
			<key>sourceTree</key>
			<string>&lt;group&gt;</string>
		</dict>
		<key>5A7B8840188CE36D00662B50</key>
		<dict>
			<key>fileRef</key>
			<string>5A7B883F188CE36D00662B50</string>
			<key>isa</key>
			<string>PBXBuildFile</string>
		</dict>
		<key>5A7B8841188CE40900662B50</key>
		<dict>
			<key>isa</key>
			<string>PBXFileReference</string>
			<key>lastKnownFileType</key>
			<string>image.png</string>
			<key>path</key>
			<string>Rotten_Tomatoes_logo.png</string>
			<key>sourceTree</key>
			<string>&lt;group&gt;</string>
		</dict>
		<key>5A7B8842188CE40900662B50</key>
		<dict>
			<key>fileRef</key>
			<string>5A7B8841188CE40900662B50</string>
			<key>isa</key>
			<string>PBXBuildFile</string>
		</dict>
		<key>8D765851E5B244EE8F21863F</key>
		<dict>
			<key>fileRef</key>
			<string>EF7EFBC47B14426991939A62</string>
			<key>isa</key>
			<string>PBXBuildFile</string>
		</dict>
		<key>CD7EFB58AB394B63AA54FA4E</key>
		<dict>
			<key>buildActionMask</key>
			<string>2147483647</string>
			<key>files</key>
			<array/>
			<key>inputPaths</key>
			<array/>
			<key>isa</key>
			<string>PBXShellScriptBuildPhase</string>
			<key>name</key>
			<string>Check Pods Manifest.lock</string>
			<key>outputPaths</key>
			<array/>
			<key>runOnlyForDeploymentPostprocessing</key>
			<string>0</string>
			<key>shellPath</key>
			<string>/bin/sh</string>
			<key>shellScript</key>
			<string>diff "${PODS_ROOT}/../Podfile.lock" "${PODS_ROOT}/Manifest.lock" &gt; /dev/null
if [[ $? != 0 ]] ; then
    cat &lt;&lt; EOM
error: The sandbox is not in sync with the Podfile.lock. Run 'pod install' or update your CocoaPods installation.
EOM
    exit 1
fi
</string>
			<key>showEnvVarsInLog</key>
			<string>0</string>
		</dict>
		<key>DA9E5398474149C8BC97C53D</key>
		<dict>
			<key>includeInIndex</key>
			<string>1</string>
			<key>isa</key>
			<string>PBXFileReference</string>
			<key>lastKnownFileType</key>
			<string>text.xcconfig</string>
			<key>name</key>
			<string>Pods.xcconfig</string>
			<key>path</key>
			<string>Pods/Pods.xcconfig</string>
			<key>sourceTree</key>
			<string>&lt;group&gt;</string>
		</dict>
		<key>EF7EFBC47B14426991939A62</key>
		<dict>
			<key>explicitFileType</key>
			<string>archive.ar</string>
			<key>includeInIndex</key>
			<string>0</string>
			<key>isa</key>
			<string>PBXFileReference</string>
			<key>path</key>
			<string>libPods.a</string>
			<key>sourceTree</key>
			<string>BUILT_PRODUCTS_DIR</string>
		</dict>
	</dict>
	<key>rootObject</key>
	<string>5A7B87F5188CBC1900662B50</string>
</dict>
</plist>
